{
  "requires": true,
  "lockfileVersion": 1,
  "dependencies": {
    "transition-style": {
      "version": "0.1.1",
      "resolved": "https://registry.npmjs.org/transition-style/-/transition-style-0.1.1.tgz",
      "integrity": "sha512-ZUSoAc9Z0Mk1yTz56seE7Hv7aY2Et8DZ9fINDl+KGr2pYJ5ExUFwRHHUzbM73Jvpjv3GjWtJRCD/G7JWDVghyQ=="
    }
  }
}
